
Microsoft Visual Studio Solution File, Format Version 12.00
# Visual Studio 15
VisualStudioVersion = 15.0.26124.0
MinimumVisualStudioVersion = 15.0.26124.0
Project("{9A19103F-16F7-4668-BE54-9A1E7A4F7556}") = "BlazorRealworld", "src\BlazorRealworld\BlazorRealworld.csproj", "{16DD9FA4-F02E-43BD-A02D-D4BD3BA19779}"
EndProject
Global
	GlobalSection(SolutionConfigurationPlatforms) = preSolution
		Debug|Any CPU = Debug|Any CPU
		Release|Any CPU = Release|Any CPU
	EndGlobalSection
	GlobalSection(ProjectConfigurationPlatforms) = postSolution
		{16DD9FA4-F02E-43BD-A02D-D4BD3BA19779}.Debug|Any CPU.ActiveCfg = Debug|Any CPU
		{16DD9FA4-F02E-43BD-A02D-D4BD3BA19779}.Debug|Any CPU.Build.0 = Debug|Any CPU
		{16DD9FA4-F02E-43BD-A02D-D4BD3BA19779}.Release|Any CPU.ActiveCfg = Release|Any CPU
		{16DD9FA4-F02E-43BD-A02D-D4BD3BA19779}.Release|Any CPU.Build.0 = Release|Any CPU
	EndGlobalSection
	GlobalSection(SolutionProperties) = preSolution
		HideSolutionNode = FALSE
	EndGlobalSection
	GlobalSection(ExtensibilityGlobals) = postSolution
		SolutionGuid = {975FD1C9-83E7-44FE-A690-DCC0B547FEAA}
	EndGlobalSection
EndGlobal
